
Microsoft Visual Studio Solution File, Format Version 12.00
# Visual Studio 15
VisualStudioVersion = 15.0.27004.2010
MinimumVisualStudioVersion = 10.0.40219.1
Project("{9A19103F-16F7-4668-BE54-9A1E7A4F7556}") = "AuthorizationServer", "AuthorizationServer\AuthorizationServer.csproj", "{FF229421-E564-4EFA-A697-6A9072ED51E7}"
EndProject
Project("{2150E333-8FDC-42A3-9474-1A3956D46DE8}") = "Sales", "Sales", "{19EB3317-5B98-47CC-95ED-F56B39C000DE}"
EndProject
Project("{9A19103F-16F7-4668-BE54-9A1E7A4F7556}") = "SalesApi.Web", "SalesApi.Web\SalesApi.Web.csproj", "{1A4B4E15-1672-44CC-8553-2B60093E74F4}"
EndProject
Project("{9A19103F-16F7-4668-BE54-9A1E7A4F7556}") = "SalesApi.Repositories", "SalesApi.Repositories\SalesApi.Repositories.csproj", "{D1AB1D0E-6555-449F-A89C-32B915C3B913}"
EndProject
Project("{9A19103F-16F7-4668-BE54-9A1E7A4F7556}") = "SalesApi.Services", "SalesApi.Services\SalesApi.Services.csproj", "{D4F2BB75-BD27-402C-A246-27E63AC51B06}"
EndProject
Project("{9A19103F-16F7-4668-BE54-9A1E7A4F7556}") = "SalesApi.ViewModels", "SalesApi.ViewModels\SalesApi.ViewModels.csproj", "{9DAB75B1-6CB9-4BDC-A663-74978B4F4F8E}"
EndProject
Project("{2150E333-8FDC-42A3-9474-1A3956D46DE8}") = "IdentityServer", "IdentityServer", "{61819E07-31B6-42D7-95CB-1F19311EF27B}"
EndProject
Project("{9A19103F-16F7-4668-BE54-9A1E7A4F7556}") = "SalesApi.Shared", "SalesApi.Shared\SalesApi.Shared.csproj", "{87345A55-B2AC-476B-A2AC-B0FBA89197C1}"
EndProject
Project("{FAE04EC0-301F-11D3-BF4B-00C04F79EFBC}") = "SalesApi.Core", "SalesApi.Core\SalesApi.Core.csproj", "{595EB205-8A35-4F5C-8A03-0B9F33ABF5FD}"
EndProject
Global
	GlobalSection(SolutionConfigurationPlatforms) = preSolution
		Debug|Any CPU = Debug|Any CPU
		Release|Any CPU = Release|Any CPU
	EndGlobalSection
	GlobalSection(ProjectConfigurationPlatforms) = postSolution
		{FF229421-E564-4EFA-A697-6A9072ED51E7}.Debug|Any CPU.ActiveCfg = Debug|Any CPU
		{FF229421-E564-4EFA-A697-6A9072ED51E7}.Debug|Any CPU.Build.0 = Debug|Any CPU
		{FF229421-E564-4EFA-A697-6A9072ED51E7}.Release|Any CPU.ActiveCfg = Release|Any CPU
		{FF229421-E564-4EFA-A697-6A9072ED51E7}.Release|Any CPU.Build.0 = Release|Any CPU
		{1A4B4E15-1672-44CC-8553-2B60093E74F4}.Debug|Any CPU.ActiveCfg = Debug|Any CPU
		{1A4B4E15-1672-44CC-8553-2B60093E74F4}.Debug|Any CPU.Build.0 = Debug|Any CPU
		{1A4B4E15-1672-44CC-8553-2B60093E74F4}.Release|Any CPU.ActiveCfg = Release|Any CPU
		{1A4B4E15-1672-44CC-8553-2B60093E74F4}.Release|Any CPU.Build.0 = Release|Any CPU
		{D1AB1D0E-6555-449F-A89C-32B915C3B913}.Debug|Any CPU.ActiveCfg = Debug|Any CPU
		{D1AB1D0E-6555-449F-A89C-32B915C3B913}.Debug|Any CPU.Build.0 = Debug|Any CPU
		{D1AB1D0E-6555-449F-A89C-32B915C3B913}.Release|Any CPU.ActiveCfg = Release|Any CPU
		{D1AB1D0E-6555-449F-A89C-32B915C3B913}.Release|Any CPU.Build.0 = Release|Any CPU
		{D4F2BB75-BD27-402C-A246-27E63AC51B06}.Debug|Any CPU.ActiveCfg = Debug|Any CPU
		{D4F2BB75-BD27-402C-A246-27E63AC51B06}.Debug|Any CPU.Build.0 = Debug|Any CPU
		{D4F2BB75-BD27-402C-A246-27E63AC51B06}.Release|Any CPU.ActiveCfg = Release|Any CPU
		{D4F2BB75-BD27-402C-A246-27E63AC51B06}.Release|Any CPU.Build.0 = Release|Any CPU
		{9DAB75B1-6CB9-4BDC-A663-74978B4F4F8E}.Debug|Any CPU.ActiveCfg = Debug|Any CPU
		{9DAB75B1-6CB9-4BDC-A663-74978B4F4F8E}.Debug|Any CPU.Build.0 = Debug|Any CPU
		{9DAB75B1-6CB9-4BDC-A663-74978B4F4F8E}.Release|Any CPU.ActiveCfg = Release|Any CPU
		{9DAB75B1-6CB9-4BDC-A663-74978B4F4F8E}.Release|Any CPU.Build.0 = Release|Any CPU
		{87345A55-B2AC-476B-A2AC-B0FBA89197C1}.Debug|Any CPU.ActiveCfg = Debug|Any CPU
		{87345A55-B2AC-476B-A2AC-B0FBA89197C1}.Debug|Any CPU.Build.0 = Debug|Any CPU
		{87345A55-B2AC-476B-A2AC-B0FBA89197C1}.Release|Any CPU.ActiveCfg = Release|Any CPU
		{87345A55-B2AC-476B-A2AC-B0FBA89197C1}.Release|Any CPU.Build.0 = Release|Any CPU
		{595EB205-8A35-4F5C-8A03-0B9F33ABF5FD}.Debug|Any CPU.ActiveCfg = Debug|Any CPU
		{595EB205-8A35-4F5C-8A03-0B9F33ABF5FD}.Debug|Any CPU.Build.0 = Debug|Any CPU
		{595EB205-8A35-4F5C-8A03-0B9F33ABF5FD}.Release|Any CPU.ActiveCfg = Release|Any CPU
		{595EB205-8A35-4F5C-8A03-0B9F33ABF5FD}.Release|Any CPU.Build.0 = Release|Any CPU
	EndGlobalSection
	GlobalSection(SolutionProperties) = preSolution
		HideSolutionNode = FALSE
	EndGlobalSection
	GlobalSection(NestedProjects) = preSolution
		{FF229421-E564-4EFA-A697-6A9072ED51E7} = {61819E07-31B6-42D7-95CB-1F19311EF27B}
		{1A4B4E15-1672-44CC-8553-2B60093E74F4} = {19EB3317-5B98-47CC-95ED-F56B39C000DE}
		{D1AB1D0E-6555-449F-A89C-32B915C3B913} = {19EB3317-5B98-47CC-95ED-F56B39C000DE}
		{D4F2BB75-BD27-402C-A246-27E63AC51B06} = {19EB3317-5B98-47CC-95ED-F56B39C000DE}
		{9DAB75B1-6CB9-4BDC-A663-74978B4F4F8E} = {19EB3317-5B98-47CC-95ED-F56B39C000DE}
		{87345A55-B2AC-476B-A2AC-B0FBA89197C1} = {19EB3317-5B98-47CC-95ED-F56B39C000DE}
		{595EB205-8A35-4F5C-8A03-0B9F33ABF5FD} = {19EB3317-5B98-47CC-95ED-F56B39C000DE}
	EndGlobalSection
	GlobalSection(ExtensibilityGlobals) = postSolution
		SolutionGuid = {89124B6C-8758-4F3D-A37C-EB9EDC520D8E}
	EndGlobalSection
EndGlobal
